
Microsoft Visual Studio Solution File, Format Version 12.00
# Visual Studio Version 17
VisualStudioVersion = 17.14.36121.58
MinimumVisualStudioVersion = 10.0.40219.1
Project("{FAE04EC0-301F-11D3-BF4B-00C04F79EFBC}") = "Autonomode.WindowsDesktop.Core", "Autonomode.WindowsDesktop.Core\Autonomode.WindowsDesktop.Core.csproj", "{62537D94-54A0-48D3-95C1-09A94BD02A30}"
EndProject
Project("{FAE04EC0-301F-11D3-BF4B-00C04F79EFBC}") = "Autonomode.WindowsDesktop.Annotations", "Autonomode.WindowsDesktop.Annotations\Autonomode.WindowsDesktop.Annotations.csproj", "{0B3F80BA-63A1-416B-8CF9-BF7772C415FA}"
EndProject
Project("{FAE04EC0-301F-11D3-BF4B-00C04F79EFBC}") = "Autonomode.WindowsDesktop.Driver", "Autonomode.WindowsDesktop.Driver\Autonomode.WindowsDesktop.Driver.csproj", "{8D2051A1-E444-447B-AE1E-1161D5873A29}"
EndProject
Global
	GlobalSection(SolutionConfigurationPlatforms) = preSolution
		Debug|Any CPU = Debug|Any CPU
		Release|Any CPU = Release|Any CPU
	EndGlobalSection
	GlobalSection(ProjectConfigurationPlatforms) = postSolution
		{62537D94-54A0-48D3-95C1-09A94BD02A30}.Debug|Any CPU.ActiveCfg = Debug|Any CPU
		{62537D94-54A0-48D3-95C1-09A94BD02A30}.Debug|Any CPU.Build.0 = Debug|Any CPU
		{62537D94-54A0-48D3-95C1-09A94BD02A30}.Release|Any CPU.ActiveCfg = Release|Any CPU
		{62537D94-54A0-48D3-95C1-09A94BD02A30}.Release|Any CPU.Build.0 = Release|Any CPU
		{0B3F80BA-63A1-416B-8CF9-BF7772C415FA}.Debug|Any CPU.ActiveCfg = Debug|Any CPU
		{0B3F80BA-63A1-416B-8CF9-BF7772C415FA}.Debug|Any CPU.Build.0 = Debug|Any CPU
		{0B3F80BA-63A1-416B-8CF9-BF7772C415FA}.Release|Any CPU.ActiveCfg = Release|Any CPU
		{0B3F80BA-63A1-416B-8CF9-BF7772C415FA}.Release|Any CPU.Build.0 = Release|Any CPU
		{8D2051A1-E444-447B-AE1E-1161D5873A29}.Debug|Any CPU.ActiveCfg = Debug|Any CPU
		{8D2051A1-E444-447B-AE1E-1161D5873A29}.Debug|Any CPU.Build.0 = Debug|Any CPU
		{8D2051A1-E444-447B-AE1E-1161D5873A29}.Release|Any CPU.ActiveCfg = Release|Any CPU
		{8D2051A1-E444-447B-AE1E-1161D5873A29}.Release|Any CPU.Build.0 = Release|Any CPU
	EndGlobalSection
	GlobalSection(SolutionProperties) = preSolution
		HideSolutionNode = FALSE
	EndGlobalSection
	GlobalSection(ExtensibilityGlobals) = postSolution
		SolutionGuid = {D7D2842E-64D8-45D8-806F-64D3E9A27303}
	EndGlobalSection
EndGlobal
